# THIS IS AN AUTOGENERATED FILE. DO NOT EDIT THIS FILE DIRECTLY.
# yarn lockfile v1


thetajs@1.1.1:
  version "1.1.1"
  resolved "https://registry.yarnpkg.com/thetajs/-/thetajs-1.1.1.tgz#1f3fd917606d2722d1a4f43c584268d5d05bbaa0"
  integrity sha512-qExeUxWBu873p3LLAz3fExcOe0rj8Yn87hI3SdoIC0oYxq200qTP10pV4usJs8EfabkH8aIJrZ94rAOf7Ia3Dw==
